{
  "nodes": {
    "dl_sieve": {
      "inputs": {
        "naersk": [
          "naersk"
        ],
        "nixpkgs": [
          "nixpkgs"
        ],
        "utils": [
          "mk-darwin-system",
          "flake-utils"
        ]
      },
      "locked": {
        "lastModified": 1697627276,
        "narHash": "sha256-m7Dy3eH2p5zsuBQHqc71s+hAkHfvJ1UnJXLVqOVAo7I=",
        "ref": "refs/heads/main",
        "rev": "b44be7828c70f2e391584728f7d30692571f628a",
        "revCount": 16,
        "type": "git",
        "url": "https://git.arul.io/arul/dl_sieve"
      },
      "original": {
        "type": "git",
        "url": "https://git.arul.io/arul/dl_sieve"
      }
    },
    "fe": {
      "inputs": {
        "naersk": [
          "naersk"
        ],
        "nixpkgs": [
          "nixpkgs"
        ],
        "utils": [
          "mk-darwin-system",
          "flake-utils"
        ]
      },
      "locked": {
        "lastModified": 1698310324,
        "narHash": "sha256-IwzXkN3lpMzE3JQ1pIIBOXYxKgHLjHche6fpDGCA/EM=",
        "ref": "refs/heads/main",
        "rev": "fcc086096d29e67ef2f45c73320413a63ce1bb72",
        "revCount": 12,
        "type": "git",
        "url": "https://git.arul.io/arul/fe"
      },
      "original": {
        "type": "git",
        "url": "https://git.arul.io/arul/fe"
      }
    },
    "flake-utils": {
      "inputs": {
        "systems": "systems"
      },
      "locked": {
        "lastModified": 1694529238,
        "narHash": "sha256-zsNZZGTGnMOf9YpHKJqMSsa0dXbfmxeoJ7xHlrt+xmY=",
        "owner": "numtide",
        "repo": "flake-utils",
        "rev": "ff7b65b44d01cf9ba6a71320833626af21126384",
        "type": "github"
      },
      "original": {
        "owner": "numtide",
        "repo": "flake-utils",
        "type": "github"
      }
    },
    "home-manager": {
      "inputs": {
        "nixpkgs": [
          "nixpkgs"
        ]
      },
      "locked": {
        "lastModified": 1710732371,
        "narHash": "sha256-DnavyrcD0wuMAXjZRgE1GN6vbEWisqImiZZvW5SWkck=",
        "owner": "arulagrawal",
        "repo": "home-manager",
        "rev": "73012e7362bfc35cf3f95898c022132d81e3fc2e",
        "type": "github"
      },
      "original": {
        "owner": "arulagrawal",
        "repo": "home-manager",
        "type": "github"
      }
    },
    "mk-darwin-system": {
      "inputs": {
        "flake-utils": "flake-utils",
        "home-manager": [
          "home-manager"
        ],
        "nix-darwin": [
          "nix-darwin"
        ],
        "nixpkgs": [
          "nixpkgs"
        ]
      },
      "locked": {
        "lastModified": 1697996288,
        "narHash": "sha256-nqy2Q/1Bx765JmzcEoQUSGqCMyyWYxAYmO49hk5qJdE=",
        "owner": "arulagrawal",
        "repo": "mk-darwin-system",
        "rev": "c90fc03ad942f8e1172b0df8cf6b603bfc25c75b",
        "type": "github"
      },
      "original": {
        "owner": "arulagrawal",
        "ref": "main",
        "repo": "mk-darwin-system",
        "type": "github"
      }
    },
    "naersk": {
      "inputs": {
        "nixpkgs": [
          "nixpkgs"
        ]
      },
      "locked": {
        "lastModified": 1698420672,
        "narHash": "sha256-/TdeHMPRjjdJub7p7+w55vyABrsJlt5QkznPYy55vKA=",
        "owner": "nmattia",
        "repo": "naersk",
        "rev": "aeb58d5e8faead8980a807c840232697982d47b9",
        "type": "github"
      },
      "original": {
        "owner": "nmattia",
        "ref": "master",
        "repo": "naersk",
        "type": "github"
      }
    },
    "nix-darwin": {
      "inputs": {
        "nixpkgs": [
          "nixpkgs"
        ]
      },
      "locked": {
        "lastModified": 1710732387,
        "narHash": "sha256-z0pwlYHD/FZ0d5D70aR9kGbicSlMMc/vaJzUlr5gq6o=",
        "owner": "arulagrawal",
        "repo": "nix-darwin",
        "rev": "0f0ba03bc7a596eb582069000ff3ba8f76d1e899",
        "type": "github"
      },
      "original": {
        "owner": "arulagrawal",
        "repo": "nix-darwin",
        "type": "github"
      }
    },
    "nixpkgs": {
      "locked": {
        "lastModified": 1710701596,
        "narHash": "sha256-v4lsAi3vE/sEWg0G8AydMjs3NTHlsNw8K01xw06cKLg=",
        "owner": "nixos",
        "repo": "nixpkgs",
        "rev": "34ad8c9f29a18b4dd97a9ad40ceb16954f24afe7",
        "type": "github"
      },
      "original": {
        "owner": "nixos",
        "ref": "nixpkgs-unstable",
        "repo": "nixpkgs",
        "type": "github"
      }
    },
    "root": {
      "inputs": {
        "dl_sieve": "dl_sieve",
        "fe": "fe",
        "home-manager": "home-manager",
        "mk-darwin-system": "mk-darwin-system",
        "naersk": "naersk",
        "nix-darwin": "nix-darwin",
        "nixpkgs": "nixpkgs"
      }
    },
    "systems": {
      "locked": {
        "lastModified": 1681028828,
        "narHash": "sha256-Vy1rq5AaRuLzOxct8nz4T6wlgyUR7zLU309k9mBC768=",
        "owner": "nix-systems",
        "repo": "default",
        "rev": "da67096a3b9bf56a91d16901293e51ba5b49a27e",
        "type": "github"
      },
      "original": {
        "owner": "nix-systems",
        "repo": "default",
        "type": "github"
      }
    }
  },
  "root": "root",
  "version": 7
}
