{
  "nodes": {
    "dl_sieve": {
      "inputs": {
        "naersk": [
          "naersk"
        ],
        "nixpkgs": [
          "nixpkgs"
        ],
        "utils": [
          "mk-darwin-system",
          "flake-utils"
        ]
      },
      "locked": {
        "lastModified": 1697627276,
        "narHash": "sha256-m7Dy3eH2p5zsuBQHqc71s+hAkHfvJ1UnJXLVqOVAo7I=",
        "ref": "refs/heads/main",
        "rev": "b44be7828c70f2e391584728f7d30692571f628a",
        "revCount": 16,
        "type": "git",
        "url": "https://git.arul.io/arul/dl_sieve"
      },
      "original": {
        "type": "git",
        "url": "https://git.arul.io/arul/dl_sieve"
      }
    },
    "flake-utils": {
      "inputs": {
        "systems": "systems"
      },
      "locked": {
        "lastModified": 1694529238,
        "narHash": "sha256-zsNZZGTGnMOf9YpHKJqMSsa0dXbfmxeoJ7xHlrt+xmY=",
        "owner": "numtide",
        "repo": "flake-utils",
        "rev": "ff7b65b44d01cf9ba6a71320833626af21126384",
        "type": "github"
      },
      "original": {
        "owner": "numtide",
        "repo": "flake-utils",
        "type": "github"
      }
    },
    "home-manager": {
      "inputs": {
        "nixpkgs": [
          "mk-darwin-system",
          "nixpkgs"
        ]
      },
      "locked": {
        "lastModified": 1697838989,
        "narHash": "sha256-hwVlO+st8vWJO6iy3/JbMHrUyY4Ak7xUSmffoWqBPUg=",
        "owner": "nix-community",
        "repo": "home-manager",
        "rev": "ae631b0b20f06f7d239d160723d228891ddb2fe0",
        "type": "github"
      },
      "original": {
        "owner": "nix-community",
        "repo": "home-manager",
        "type": "github"
      }
    },
    "mk-darwin-system": {
      "inputs": {
        "flake-utils": "flake-utils",
        "home-manager": "home-manager",
        "nix-darwin": "nix-darwin",
        "nixpkgs": [
          "nixpkgs"
        ]
      },
      "locked": {
        "lastModified": 1697861966,
        "narHash": "sha256-KYGVKoAWideElY3UUfugaR0vfxcS5uhnP3PpIW0LgJA=",
        "owner": "arulagrawal",
        "repo": "mk-darwin-system",
        "rev": "22b4e8596e790808b114cfb028644ded3084af72",
        "type": "github"
      },
      "original": {
        "owner": "arulagrawal",
        "ref": "main",
        "repo": "mk-darwin-system",
        "type": "github"
      }
    },
    "naersk": {
      "inputs": {
        "nixpkgs": [
          "nixpkgs"
        ]
      },
      "locked": {
        "lastModified": 1697664192,
        "narHash": "sha256-nRTG3rYEGFV2+putRiC96+kNXDyKaPJgT6K/1FWN7yo=",
        "owner": "nmattia",
        "repo": "naersk",
        "rev": "636a9b5dd7f2ad7d7c3af929ecf95e4d4fab9e97",
        "type": "github"
      },
      "original": {
        "owner": "nmattia",
        "ref": "master",
        "repo": "naersk",
        "type": "github"
      }
    },
    "nix-darwin": {
      "inputs": {
        "nixpkgs": [
          "mk-darwin-system",
          "nixpkgs"
        ]
      },
      "locked": {
        "lastModified": 1697723594,
        "narHash": "sha256-W7lTC+kHGS1YCOutGpxUHF0cK66iY/GYr3INaTyVa/I=",
        "owner": "lnl7",
        "repo": "nix-darwin",
        "rev": "19f75c2b45fbfc307ecfeb9dadc41a4c1e4fb980",
        "type": "github"
      },
      "original": {
        "owner": "lnl7",
        "repo": "nix-darwin",
        "type": "github"
      }
    },
    "nixpkgs": {
      "locked": {
        "lastModified": 1697756275,
        "narHash": "sha256-KAZ2F9He5oH2NPxhWDLmtGAsiBjPi7yps1OGZu6peMM=",
        "owner": "nixos",
        "repo": "nixpkgs",
        "rev": "d042a296139c6a111be3e3d5dc9ef6783b5e7c16",
        "type": "github"
      },
      "original": {
        "owner": "nixos",
        "ref": "nixpkgs-unstable",
        "repo": "nixpkgs",
        "type": "github"
      }
    },
    "root": {
      "inputs": {
        "dl_sieve": "dl_sieve",
        "mk-darwin-system": "mk-darwin-system",
        "naersk": "naersk",
        "nixpkgs": "nixpkgs"
      }
    },
    "systems": {
      "locked": {
        "lastModified": 1681028828,
        "narHash": "sha256-Vy1rq5AaRuLzOxct8nz4T6wlgyUR7zLU309k9mBC768=",
        "owner": "nix-systems",
        "repo": "default",
        "rev": "da67096a3b9bf56a91d16901293e51ba5b49a27e",
        "type": "github"
      },
      "original": {
        "owner": "nix-systems",
        "repo": "default",
        "type": "github"
      }
    }
  },
  "root": "root",
  "version": 7
}
